
Microsoft Visual Studio Solution File, Format Version 12.00
# Visual Studio Version 17
VisualStudioVersion = 17.14.36623.8
MinimumVisualStudioVersion = 10.0.40219.1
Project("{FAE04EC0-301F-11D3-BF4B-00C04F79EFBC}") = "yazlab3.web", "backend\yazlab3.web\yazlab3.web.csproj", "{703ACBD3-EACB-0DD7-0B72-A831B87AA80F}"
EndProject
Global
	GlobalSection(SolutionConfigurationPlatforms) = preSolution
		Debug|Any CPU = Debug|Any CPU
		Release|Any CPU = Release|Any CPU
	EndGlobalSection
	GlobalSection(ProjectConfigurationPlatforms) = postSolution
		{703ACBD3-EACB-0DD7-0B72-A831B87AA80F}.Debug|Any CPU.ActiveCfg = Debug|Any CPU
		{703ACBD3-EACB-0DD7-0B72-A831B87AA80F}.Debug|Any CPU.Build.0 = Debug|Any CPU
		{703ACBD3-EACB-0DD7-0B72-A831B87AA80F}.Release|Any CPU.ActiveCfg = Release|Any CPU
		{703ACBD3-EACB-0DD7-0B72-A831B87AA80F}.Release|Any CPU.Build.0 = Release|Any CPU
	EndGlobalSection
	GlobalSection(SolutionProperties) = preSolution
		HideSolutionNode = FALSE
	EndGlobalSection
	GlobalSection(ExtensibilityGlobals) = postSolution
		SolutionGuid = {1276A8EF-D647-4C4F-91E6-A5FFAA4758AB}
	EndGlobalSection
EndGlobal
